// !$*UTF8*$!
{
	archiveVersion = 1;
	classes = {
	};
	objectVersion = 77;
	objects = {

/* Begin PBXBuildFile section */
		F03CA1702E39A31B002E41C9 /* Auth in Frameworks */ = {isa = PBXBuildFile; productRef = F03CA16F2E39A31B002E41C9 /* Auth */; };
		F03CA1722E39A31B002E41C9 /* Functions in Frameworks */ = {isa = PBXBuildFile; productRef = F03CA1712E39A31B002E41C9 /* Functions */; };
		F03CA1742E39A31B002E41C9 /* PostgREST in Frameworks */ = {isa = PBXBuildFile; productRef = F03CA1732E39A31B002E41C9 /* PostgREST */; };
		F03CA1762E39A31B002E41C9 /* Realtime in Frameworks */ = {isa = PBXBuildFile; productRef = F03CA1752E39A31B002E41C9 /* Realtime */; };
		F03CA1782E39A31B002E41C9 /* Storage in Frameworks */ = {isa = PBXBuildFile; productRef = F03CA1772E39A31B002E41C9 /* Storage */; };
		F03CA17D2E39A48E002E41C9 /* GoogleSignIn in Frameworks */ = {isa = PBXBuildFile; productRef = F03CA17C2E39A48E002E41C9 /* GoogleSignIn */; };
		F03CA17F2E39A48E002E41C9 /* GoogleSignInSwift in Frameworks */ = {isa = PBXBuildFile; productRef = F03CA17E2E39A48E002E41C9 /* GoogleSignInSwift */; };
		F0618F5F2E3E536500FBEB00 /* Supabase in Frameworks */ = {isa = PBXBuildFile; productRef = F0618F5E2E3E536500FBEB00 /* Supabase */; };
		F0F0E6C02E3710510035BB38 /* RevenueCat in Frameworks */ = {isa = PBXBuildFile; productRef = F0F0E6BF2E3710510035BB38 /* RevenueCat */; };
		F0F0E6C22E3710510035BB38 /* RevenueCatUI in Frameworks */ = {isa = PBXBuildFile; productRef = F0F0E6C12E3710510035BB38 /* RevenueCatUI */; };
/* End PBXBuildFile section */

/* Begin PBXContainerItemProxy section */
		F06E8EE92E33520F004256EE /* PBXContainerItemProxy */ = {
			isa = PBXContainerItemProxy;
			containerPortal = F06E8ED02E33520D004256EE /* Project object */;
			proxyType = 1;
			remoteGlobalIDString = F06E8ED72E33520D004256EE;
			remoteInfo = "Preppi AI";
		};
		F06E8EF32E33520F004256EE /* PBXContainerItemProxy */ = {
			isa = PBXContainerItemProxy;
			containerPortal = F06E8ED02E33520D004256EE /* Project object */;
			proxyType = 1;
			remoteGlobalIDString = F06E8ED72E33520D004256EE;
			remoteInfo = "Preppi AI";
		};
/* End PBXContainerItemProxy section */

/* Begin PBXFileReference section */
		F06E8ED82E33520D004256EE /* Preppi AI.app */ = {isa = PBXFileReference; explicitFileType = wrapper.application; includeInIndex = 0; path = "Preppi AI.app"; sourceTree = BUILT_PRODUCTS_DIR; };
		F06E8EE82E33520F004256EE /* Preppi AITests.xctest */ = {isa = PBXFileReference; explicitFileType = wrapper.cfbundle; includeInIndex = 0; path = "Preppi AITests.xctest"; sourceTree = BUILT_PRODUCTS_DIR; };
		F06E8EF22E33520F004256EE /* Preppi AIUITests.xctest */ = {isa = PBXFileReference; explicitFileType = wrapper.cfbundle; includeInIndex = 0; path = "Preppi AIUITests.xctest"; sourceTree = BUILT_PRODUCTS_DIR; };
/* End PBXFileReference section */

/* Begin PBXFileSystemSynchronizedRootGroup section */
		F06E8EDA2E33520D004256EE /* Preppi AI */ = {
			isa = PBXFileSystemSynchronizedRootGroup;
			path = "Preppi AI";
			sourceTree = "<group>";
		};
		F06E8EEB2E33520F004256EE /* Preppi AITests */ = {
			isa = PBXFileSystemSynchronizedRootGroup;
			path = "Preppi AITests";
			sourceTree = "<group>";
		};
		F06E8EF52E33520F004256EE /* Preppi AIUITests */ = {
			isa = PBXFileSystemSynchronizedRootGroup;
			path = "Preppi AIUITests";
			sourceTree = "<group>";
		};
/* End PBXFileSystemSynchronizedRootGroup section */

/* Begin PBXFrameworksBuildPhase section */
		F06E8ED52E33520D004256EE /* Frameworks */ = {
			isa = PBXFrameworksBuildPhase;
			buildActionMask = 2147483647;
			files = (
				F0618F5F2E3E536500FBEB00 /* Supabase in Frameworks */,
				F03CA17F2E39A48E002E41C9 /* GoogleSignInSwift in Frameworks */,
				F0F0E6C22E3710510035BB38 /* RevenueCatUI in Frameworks */,
				F03CA17D2E39A48E002E41C9 /* GoogleSignIn in Frameworks */,
				F0F0E6C02E3710510035BB38 /* RevenueCat in Frameworks */,
				F03CA1782E39A31B002E41C9 /* Storage in Frameworks */,
				F03CA1722E39A31B002E41C9 /* Functions in Frameworks */,
				F03CA1762E39A31B002E41C9 /* Realtime in Frameworks */,
				F03CA1702E39A31B002E41C9 /* Auth in Frameworks */,
				F03CA1742E39A31B002E41C9 /* PostgREST in Frameworks */,
			);
			runOnlyForDeploymentPostprocessing = 0;
		};
		F06E8EE52E33520F004256EE /* Frameworks */ = {
			isa = PBXFrameworksBuildPhase;
			buildActionMask = 2147483647;
			files = (
			);
			runOnlyForDeploymentPostprocessing = 0;
		};
		F06E8EEF2E33520F004256EE /* Frameworks */ = {
			isa = PBXFrameworksBuildPhase;
			buildActionMask = 2147483647;
			files = (
			);
			runOnlyForDeploymentPostprocessing = 0;
		};
/* End PBXFrameworksBuildPhase section */

/* Begin PBXGroup section */
		F03CA16D2E39A1D9002E41C9 /* Frameworks */ = {
			isa = PBXGroup;
			children = (
			);
			name = Frameworks;
			sourceTree = "<group>";
		};
		F06E8ECF2E33520D004256EE = {
			isa = PBXGroup;
			children = (
				F06E8EDA2E33520D004256EE /* Preppi AI */,
				F06E8EEB2E33520F004256EE /* Preppi AITests */,
				F06E8EF52E33520F004256EE /* Preppi AIUITests */,
				F03CA16D2E39A1D9002E41C9 /* Frameworks */,
				F06E8ED92E33520D004256EE /* Products */,
			);
			sourceTree = "<group>";
		};
		F06E8ED92E33520D004256EE /* Products */ = {
			isa = PBXGroup;
			children = (
				F06E8ED82E33520D004256EE /* Preppi AI.app */,
				F06E8EE82E33520F004256EE /* Preppi AITests.xctest */,
				F06E8EF22E33520F004256EE /* Preppi AIUITests.xctest */,
			);
			name = Products;
			sourceTree = "<group>";
		};
/* End PBXGroup section */

/* Begin PBXNativeTarget section */
		F06E8ED72E33520D004256EE /* Preppi AI */ = {
			isa = PBXNativeTarget;
			buildConfigurationList = F06E8EFC2E33520F004256EE /* Build configuration list for PBXNativeTarget "Preppi AI" */;
			buildPhases = (
				F06E8ED42E33520D004256EE /* Sources */,
				F06E8ED52E33520D004256EE /* Frameworks */,
				F06E8ED62E33520D004256EE /* Resources */,
			);
			buildRules = (
			);
			dependencies = (
			);
			fileSystemSynchronizedGroups = (
				F06E8EDA2E33520D004256EE /* Preppi AI */,
			);
			name = "Preppi AI";
			packageProductDependencies = (
				F0F0E6BF2E3710510035BB38 /* RevenueCat */,
				F0F0E6C12E3710510035BB38 /* RevenueCatUI */,
				F03CA16F2E39A31B002E41C9 /* Auth */,
				F03CA1712E39A31B002E41C9 /* Functions */,
				F03CA1732E39A31B002E41C9 /* PostgREST */,
				F03CA1752E39A31B002E41C9 /* Realtime */,
				F03CA1772E39A31B002E41C9 /* Storage */,
				F03CA17C2E39A48E002E41C9 /* GoogleSignIn */,
				F03CA17E2E39A48E002E41C9 /* GoogleSignInSwift */,
				F0618F5E2E3E536500FBEB00 /* Supabase */,
			);
			productName = "Preppi AI";
			productReference = F06E8ED82E33520D004256EE /* Preppi AI.app */;
			productType = "com.apple.product-type.application";
		};
		F06E8EE72E33520F004256EE /* Preppi AITests */ = {
			isa = PBXNativeTarget;
			buildConfigurationList = F06E8EFF2E33520F004256EE /* Build configuration list for PBXNativeTarget "Preppi AITests" */;
			buildPhases = (
				F06E8EE42E33520F004256EE /* Sources */,
				F06E8EE52E33520F004256EE /* Frameworks */,
				F06E8EE62E33520F004256EE /* Resources */,
			);
			buildRules = (
			);
			dependencies = (
				F06E8EEA2E33520F004256EE /* PBXTargetDependency */,
			);
			fileSystemSynchronizedGroups = (
				F06E8EEB2E33520F004256EE /* Preppi AITests */,
			);
			name = "Preppi AITests";
			packageProductDependencies = (
			);
			productName = "Preppi AITests";
			productReference = F06E8EE82E33520F004256EE /* Preppi AITests.xctest */;
			productType = "com.apple.product-type.bundle.unit-test";
		};
		F06E8EF12E33520F004256EE /* Preppi AIUITests */ = {
			isa = PBXNativeTarget;
			buildConfigurationList = F06E8F022E33520F004256EE /* Build configuration list for PBXNativeTarget "Preppi AIUITests" */;
			buildPhases = (
				F06E8EEE2E33520F004256EE /* Sources */,
				F06E8EEF2E33520F004256EE /* Frameworks */,
				F06E8EF02E33520F004256EE /* Resources */,
			);
			buildRules = (
			);
			dependencies = (
				F06E8EF42E33520F004256EE /* PBXTargetDependency */,
			);
			fileSystemSynchronizedGroups = (
				F06E8EF52E33520F004256EE /* Preppi AIUITests */,
			);
			name = "Preppi AIUITests";
			packageProductDependencies = (
			);
			productName = "Preppi AIUITests";
			productReference = F06E8EF22E33520F004256EE /* Preppi AIUITests.xctest */;
			productType = "com.apple.product-type.bundle.ui-testing";
		};
/* End PBXNativeTarget section */

/* Begin PBXProject section */
		F06E8ED02E33520D004256EE /* Project object */ = {
			isa = PBXProject;
			attributes = {
				BuildIndependentTargetsInParallel = 1;
				LastSwiftUpdateCheck = 1610;
				LastUpgradeCheck = 1610;
				TargetAttributes = {
					F06E8ED72E33520D004256EE = {
						CreatedOnToolsVersion = 16.1;
					};
					F06E8EE72E33520F004256EE = {
						CreatedOnToolsVersion = 16.1;
						TestTargetID = F06E8ED72E33520D004256EE;
					};
					F06E8EF12E33520F004256EE = {
						CreatedOnToolsVersion = 16.1;
						TestTargetID = F06E8ED72E33520D004256EE;
					};
				};
			};
			buildConfigurationList = F06E8ED32E33520D004256EE /* Build configuration list for PBXProject "Preppi AI" */;
			developmentRegion = en;
			hasScannedForEncodings = 0;
			knownRegions = (
				en,
				Base,
			);
			mainGroup = F06E8ECF2E33520D004256EE;
			minimizedProjectReferenceProxies = 1;
			packageReferences = (
				F0F0E6BE2E3710500035BB38 /* XCRemoteSwiftPackageReference "purchases-ios-spm" */,
				F03CA16E2E39A31B002E41C9 /* XCRemoteSwiftPackageReference "supabase-swift" */,
				F03CA17B2E39A48E002E41C9 /* XCRemoteSwiftPackageReference "GoogleSignIn-iOS" */,
			);
			preferredProjectObjectVersion = 77;
			productRefGroup = F06E8ED92E33520D004256EE /* Products */;
			projectDirPath = "";
			projectRoot = "";
			targets = (
				F06E8ED72E33520D004256EE /* Preppi AI */,
				F06E8EE72E33520F004256EE /* Preppi AITests */,
				F06E8EF12E33520F004256EE /* Preppi AIUITests */,
			);
		};
/* End PBXProject section */

/* Begin PBXResourcesBuildPhase section */
		F06E8ED62E33520D004256EE /* Resources */ = {
			isa = PBXResourcesBuildPhase;
			buildActionMask = 2147483647;
			files = (
			);
			runOnlyForDeploymentPostprocessing = 0;
		};
		F06E8EE62E33520F004256EE /* Resources */ = {
			isa = PBXResourcesBuildPhase;
			buildActionMask = 2147483647;
			files = (
			);
			runOnlyForDeploymentPostprocessing = 0;
		};
		F06E8EF02E33520F004256EE /* Resources */ = {
			isa = PBXResourcesBuildPhase;
			buildActionMask = 2147483647;
			files = (
			);
			runOnlyForDeploymentPostprocessing = 0;
		};
/* End PBXResourcesBuildPhase section */

/* Begin PBXSourcesBuildPhase section */
		F06E8ED42E33520D004256EE /* Sources */ = {
			isa = PBXSourcesBuildPhase;
			buildActionMask = 2147483647;
			files = (
			);
			runOnlyForDeploymentPostprocessing = 0;
		};
		F06E8EE42E33520F004256EE /* Sources */ = {
			isa = PBXSourcesBuildPhase;
			buildActionMask = 2147483647;
			files = (
			);
			runOnlyForDeploymentPostprocessing = 0;
		};
		F06E8EEE2E33520F004256EE /* Sources */ = {
			isa = PBXSourcesBuildPhase;
			buildActionMask = 2147483647;
			files = (
			);
			runOnlyForDeploymentPostprocessing = 0;
		};
/* End PBXSourcesBuildPhase section */

/* Begin PBXTargetDependency section */
		F06E8EEA2E33520F004256EE /* PBXTargetDependency */ = {
			isa = PBXTargetDependency;
			target = F06E8ED72E33520D004256EE /* Preppi AI */;
			targetProxy = F06E8EE92E33520F004256EE /* PBXContainerItemProxy */;
		};
		F06E8EF42E33520F004256EE /* PBXTargetDependency */ = {
			isa = PBXTargetDependency;
			target = F06E8ED72E33520D004256EE /* Preppi AI */;
			targetProxy = F06E8EF32E33520F004256EE /* PBXContainerItemProxy */;
		};
/* End PBXTargetDependency section */

/* Begin XCBuildConfiguration section */
		F06E8EFA2E33520F004256EE /* Debug */ = {
			isa = XCBuildConfiguration;
			buildSettings = {
				ALWAYS_SEARCH_USER_PATHS = NO;
				ASSETCATALOG_COMPILER_GENERATE_SWIFT_ASSET_SYMBOL_EXTENSIONS = YES;
				CLANG_ANALYZER_NONNULL = YES;
				CLANG_ANALYZER_NUMBER_OBJECT_CONVERSION = YES_AGGRESSIVE;
				CLANG_CXX_LANGUAGE_STANDARD = "gnu++20";
				CLANG_ENABLE_MODULES = YES;
				CLANG_ENABLE_OBJC_ARC = YES;
				CLANG_ENABLE_OBJC_WEAK = YES;
				CLANG_WARN_BLOCK_CAPTURE_AUTORELEASING = YES;
				CLANG_WARN_BOOL_CONVERSION = YES;
				CLANG_WARN_COMMA = YES;
				CLANG_WARN_CONSTANT_CONVERSION = YES;
				CLANG_WARN_DEPRECATED_OBJC_IMPLEMENTATIONS = YES;
				CLANG_WARN_DIRECT_OBJC_ISA_USAGE = YES_ERROR;
				CLANG_WARN_DOCUMENTATION_COMMENTS = YES;
				CLANG_WARN_EMPTY_BODY = YES;
				CLANG_WARN_ENUM_CONVERSION = YES;
				CLANG_WARN_INFINITE_RECURSION = YES;
				CLANG_WARN_INT_CONVERSION = YES;
				CLANG_WARN_NON_LITERAL_NULL_CONVERSION = YES;
				CLANG_WARN_OBJC_IMPLICIT_RETAIN_SELF = YES;
				CLANG_WARN_OBJC_LITERAL_CONVERSION = YES;
				CLANG_WARN_OBJC_ROOT_CLASS = YES_ERROR;
				CLANG_WARN_QUOTED_INCLUDE_IN_FRAMEWORK_HEADER = YES;
				CLANG_WARN_RANGE_LOOP_ANALYSIS = YES;
				CLANG_WARN_STRICT_PROTOTYPES = YES;
				CLANG_WARN_SUSPICIOUS_MOVE = YES;
				CLANG_WARN_UNGUARDED_AVAILABILITY = YES_AGGRESSIVE;
				CLANG_WARN_UNREACHABLE_CODE = YES;
				CLANG_WARN__DUPLICATE_METHOD_MATCH = YES;
				COPY_PHASE_STRIP = NO;
				DEBUG_INFORMATION_FORMAT = dwarf;
				ENABLE_STRICT_OBJC_MSGSEND = YES;
				ENABLE_TESTABILITY = YES;
				ENABLE_USER_SCRIPT_SANDBOXING = YES;
				GCC_C_LANGUAGE_STANDARD = gnu17;
				GCC_DYNAMIC_NO_PIC = NO;
				GCC_NO_COMMON_BLOCKS = YES;
				GCC_OPTIMIZATION_LEVEL = 0;
				GCC_PREPROCESSOR_DEFINITIONS = (
					"DEBUG=1",
					"$(inherited)",
				);
				GCC_WARN_64_TO_32_BIT_CONVERSION = YES;
				GCC_WARN_ABOUT_RETURN_TYPE = YES_ERROR;
				GCC_WARN_UNDECLARED_SELECTOR = YES;
				GCC_WARN_UNINITIALIZED_AUTOS = YES_AGGRESSIVE;
				GCC_WARN_UNUSED_FUNCTION = YES;
				GCC_WARN_UNUSED_VARIABLE = YES;
				IPHONEOS_DEPLOYMENT_TARGET = 18.1;
				LOCALIZATION_PREFERS_STRING_CATALOGS = YES;
				MTL_ENABLE_DEBUG_INFO = INCLUDE_SOURCE;
				MTL_FAST_MATH = YES;
				ONLY_ACTIVE_ARCH = YES;
				SDKROOT = iphoneos;
				SWIFT_ACTIVE_COMPILATION_CONDITIONS = "DEBUG $(inherited)";
				SWIFT_OPTIMIZATION_LEVEL = "-Onone";
			};
			name = Debug;
		};
		F06E8EFB2E33520F004256EE /* Release */ = {
			isa = XCBuildConfiguration;
			buildSettings = {
				ALWAYS_SEARCH_USER_PATHS = NO;
				ASSETCATALOG_COMPILER_GENERATE_SWIFT_ASSET_SYMBOL_EXTENSIONS = YES;
				CLANG_ANALYZER_NONNULL = YES;
				CLANG_ANALYZER_NUMBER_OBJECT_CONVERSION = YES_AGGRESSIVE;
				CLANG_CXX_LANGUAGE_STANDARD = "gnu++20";
				CLANG_ENABLE_MODULES = YES;
				CLANG_ENABLE_OBJC_ARC = YES;
				CLANG_ENABLE_OBJC_WEAK = YES;
				CLANG_WARN_BLOCK_CAPTURE_AUTORELEASING = YES;
				CLANG_WARN_BOOL_CONVERSION = YES;
				CLANG_WARN_COMMA = YES;
				CLANG_WARN_CONSTANT_CONVERSION = YES;
				CLANG_WARN_DEPRECATED_OBJC_IMPLEMENTATIONS = YES;
				CLANG_WARN_DIRECT_OBJC_ISA_USAGE = YES_ERROR;
				CLANG_WARN_DOCUMENTATION_COMMENTS = YES;
				CLANG_WARN_EMPTY_BODY = YES;
				CLANG_WARN_ENUM_CONVERSION = YES;
				CLANG_WARN_INFINITE_RECURSION = YES;
				CLANG_WARN_INT_CONVERSION = YES;
				CLANG_WARN_NON_LITERAL_NULL_CONVERSION = YES;
				CLANG_WARN_OBJC_IMPLICIT_RETAIN_SELF = YES;
				CLANG_WARN_OBJC_LITERAL_CONVERSION = YES;
				CLANG_WARN_OBJC_ROOT_CLASS = YES_ERROR;
				CLANG_WARN_QUOTED_INCLUDE_IN_FRAMEWORK_HEADER = YES;
				CLANG_WARN_RANGE_LOOP_ANALYSIS = YES;
				CLANG_WARN_STRICT_PROTOTYPES = YES;
				CLANG_WARN_SUSPICIOUS_MOVE = YES;
				CLANG_WARN_UNGUARDED_AVAILABILITY = YES_AGGRESSIVE;
				CLANG_WARN_UNREACHABLE_CODE = YES;
				CLANG_WARN__DUPLICATE_METHOD_MATCH = YES;
				COPY_PHASE_STRIP = NO;
				DEBUG_INFORMATION_FORMAT = "dwarf-with-dsym";
				ENABLE_NS_ASSERTIONS = NO;
				ENABLE_STRICT_OBJC_MSGSEND = YES;
				ENABLE_USER_SCRIPT_SANDBOXING = YES;
				GCC_C_LANGUAGE_STANDARD = gnu17;
				GCC_NO_COMMON_BLOCKS = YES;
				GCC_WARN_64_TO_32_BIT_CONVERSION = YES;
				GCC_WARN_ABOUT_RETURN_TYPE = YES_ERROR;
				GCC_WARN_UNDECLARED_SELECTOR = YES;
				GCC_WARN_UNINITIALIZED_AUTOS = YES_AGGRESSIVE;
				GCC_WARN_UNUSED_FUNCTION = YES;
				GCC_WARN_UNUSED_VARIABLE = YES;
				IPHONEOS_DEPLOYMENT_TARGET = 18.1;
				LOCALIZATION_PREFERS_STRING_CATALOGS = YES;
				MTL_ENABLE_DEBUG_INFO = NO;
				MTL_FAST_MATH = YES;
				SDKROOT = iphoneos;
				SWIFT_COMPILATION_MODE = wholemodule;
				VALIDATE_PRODUCT = YES;
			};
			name = Release;
		};
		F06E8EFD2E33520F004256EE /* Debug */ = {
			isa = XCBuildConfiguration;
			buildSettings = {
				ASSETCATALOG_COMPILER_APPICON_NAME = AppIcon;
				ASSETCATALOG_COMPILER_GLOBAL_ACCENT_COLOR_NAME = AccentColor;
				CODE_SIGN_STYLE = Automatic;
				CURRENT_PROJECT_VERSION = 2;
				DEVELOPMENT_ASSET_PATHS = "\"Preppi AI/Preview Content\"";
				DEVELOPMENT_TEAM = 9U7ZFP4X2B;
				ENABLE_PREVIEWS = YES;
				GENERATE_INFOPLIST_FILE = YES;
				INFOPLIST_KEY_UIApplicationSceneManifest_Generation = YES;
				INFOPLIST_KEY_UIApplicationSupportsIndirectInputEvents = YES;
				INFOPLIST_KEY_UILaunchScreen_Generation = YES;
				INFOPLIST_KEY_UISupportedInterfaceOrientations_iPad = "UIInterfaceOrientationPortrait UIInterfaceOrientationPortraitUpsideDown UIInterfaceOrientationLandscapeLeft UIInterfaceOrientationLandscapeRight";
				INFOPLIST_KEY_UISupportedInterfaceOrientations_iPhone = "UIInterfaceOrientationPortrait UIInterfaceOrientationLandscapeLeft UIInterfaceOrientationLandscapeRight";
				LD_RUNPATH_SEARCH_PATHS = (
					"$(inherited)",
					"@executable_path/Frameworks",
				);
				MARKETING_VERSION = 1.0.2;
				PRODUCT_BUNDLE_IDENTIFIER = "-5.Preppi-AI";
				PRODUCT_NAME = "$(TARGET_NAME)";
				SWIFT_EMIT_LOC_STRINGS = YES;
				SWIFT_VERSION = 5.0;
				TARGETED_DEVICE_FAMILY = "1,2";
			};
			name = Debug;
		};
		F06E8EFE2E33520F004256EE /* Release */ = {
			isa = XCBuildConfiguration;
			buildSettings = {
				ASSETCATALOG_COMPILER_APPICON_NAME = AppIcon;
				ASSETCATALOG_COMPILER_GLOBAL_ACCENT_COLOR_NAME = AccentColor;
				CODE_SIGN_STYLE = Automatic;
				CURRENT_PROJECT_VERSION = 2;
				DEVELOPMENT_ASSET_PATHS = "\"Preppi AI/Preview Content\"";
				DEVELOPMENT_TEAM = 9U7ZFP4X2B;
				ENABLE_PREVIEWS = YES;
				GENERATE_INFOPLIST_FILE = YES;
				INFOPLIST_KEY_UIApplicationSceneManifest_Generation = YES;
				INFOPLIST_KEY_UIApplicationSupportsIndirectInputEvents = YES;
				INFOPLIST_KEY_UILaunchScreen_Generation = YES;
				INFOPLIST_KEY_UISupportedInterfaceOrientations_iPad = "UIInterfaceOrientationPortrait UIInterfaceOrientationPortraitUpsideDown UIInterfaceOrientationLandscapeLeft UIInterfaceOrientationLandscapeRight";
				INFOPLIST_KEY_UISupportedInterfaceOrientations_iPhone = "UIInterfaceOrientationPortrait UIInterfaceOrientationLandscapeLeft UIInterfaceOrientationLandscapeRight";
				LD_RUNPATH_SEARCH_PATHS = (
					"$(inherited)",
					"@executable_path/Frameworks",
				);
				MARKETING_VERSION = 1.0.2;
				PRODUCT_BUNDLE_IDENTIFIER = "-5.Preppi-AI";
				PRODUCT_NAME = "$(TARGET_NAME)";
				SWIFT_EMIT_LOC_STRINGS = YES;
				SWIFT_VERSION = 5.0;
				TARGETED_DEVICE_FAMILY = "1,2";
			};
			name = Release;
		};
		F06E8F002E33520F004256EE /* Debug */ = {
			isa = XCBuildConfiguration;
			buildSettings = {
				BUNDLE_LOADER = "$(TEST_HOST)";
				CODE_SIGN_STYLE = Automatic;
				CURRENT_PROJECT_VERSION = 2;
				DEVELOPMENT_TEAM = 9U7ZFP4X2B;
				GENERATE_INFOPLIST_FILE = YES;
				IPHONEOS_DEPLOYMENT_TARGET = 18.1;
				MARKETING_VERSION = 1.0.2;
				PRODUCT_BUNDLE_IDENTIFIER = "-5.Preppi-AITests";
				PRODUCT_NAME = "$(TARGET_NAME)";
				SWIFT_EMIT_LOC_STRINGS = NO;
				SWIFT_VERSION = 5.0;
				TARGETED_DEVICE_FAMILY = "1,2";
				TEST_HOST = "$(BUILT_PRODUCTS_DIR)/Preppi AI.app/$(BUNDLE_EXECUTABLE_FOLDER_PATH)/Preppi AI";
			};
			name = Debug;
		};
		F06E8F012E33520F004256EE /* Release */ = {
			isa = XCBuildConfiguration;
			buildSettings = {
				BUNDLE_LOADER = "$(TEST_HOST)";
				CODE_SIGN_STYLE = Automatic;
				CURRENT_PROJECT_VERSION = 2;
				DEVELOPMENT_TEAM = 9U7ZFP4X2B;
				GENERATE_INFOPLIST_FILE = YES;
				IPHONEOS_DEPLOYMENT_TARGET = 18.1;
				MARKETING_VERSION = 1.0.2;
				PRODUCT_BUNDLE_IDENTIFIER = "-5.Preppi-AITests";
				PRODUCT_NAME = "$(TARGET_NAME)";
				SWIFT_EMIT_LOC_STRINGS = NO;
				SWIFT_VERSION = 5.0;
				TARGETED_DEVICE_FAMILY = "1,2";
				TEST_HOST = "$(BUILT_PRODUCTS_DIR)/Preppi AI.app/$(BUNDLE_EXECUTABLE_FOLDER_PATH)/Preppi AI";
			};
			name = Release;
		};
		F06E8F032E33520F004256EE /* Debug */ = {
			isa = XCBuildConfiguration;
			buildSettings = {
				CODE_SIGN_STYLE = Automatic;
				CURRENT_PROJECT_VERSION = 2;
				DEVELOPMENT_TEAM = 9U7ZFP4X2B;
				GENERATE_INFOPLIST_FILE = YES;
				MARKETING_VERSION = 1.0.2;
				PRODUCT_BUNDLE_IDENTIFIER = "-5.Preppi-AIUITests";
				PRODUCT_NAME = "$(TARGET_NAME)";
				SWIFT_EMIT_LOC_STRINGS = NO;
				SWIFT_VERSION = 5.0;
				TARGETED_DEVICE_FAMILY = "1,2";
				TEST_TARGET_NAME = "Preppi AI";
			};
			name = Debug;
		};
		F06E8F042E33520F004256EE /* Release */ = {
			isa = XCBuildConfiguration;
			buildSettings = {
				CODE_SIGN_STYLE = Automatic;
				CURRENT_PROJECT_VERSION = 2;
				DEVELOPMENT_TEAM = 9U7ZFP4X2B;
				GENERATE_INFOPLIST_FILE = YES;
				MARKETING_VERSION = 1.0.2;
				PRODUCT_BUNDLE_IDENTIFIER = "-5.Preppi-AIUITests";
				PRODUCT_NAME = "$(TARGET_NAME)";
				SWIFT_EMIT_LOC_STRINGS = NO;
				SWIFT_VERSION = 5.0;
				TARGETED_DEVICE_FAMILY = "1,2";
				TEST_TARGET_NAME = "Preppi AI";
			};
			name = Release;
		};
/* End XCBuildConfiguration section */

/* Begin XCConfigurationList section */
		F06E8ED32E33520D004256EE /* Build configuration list for PBXProject "Preppi AI" */ = {
			isa = XCConfigurationList;
			buildConfigurations = (
				F06E8EFA2E33520F004256EE /* Debug */,
				F06E8EFB2E33520F004256EE /* Release */,
			);
			defaultConfigurationIsVisible = 0;
			defaultConfigurationName = Release;
		};
		F06E8EFC2E33520F004256EE /* Build configuration list for PBXNativeTarget "Preppi AI" */ = {
			isa = XCConfigurationList;
			buildConfigurations = (
				F06E8EFD2E33520F004256EE /* Debug */,
				F06E8EFE2E33520F004256EE /* Release */,
			);
			defaultConfigurationIsVisible = 0;
			defaultConfigurationName = Release;
		};
		F06E8EFF2E33520F004256EE /* Build configuration list for PBXNativeTarget "Preppi AITests" */ = {
			isa = XCConfigurationList;
			buildConfigurations = (
				F06E8F002E33520F004256EE /* Debug */,
				F06E8F012E33520F004256EE /* Release */,
			);
			defaultConfigurationIsVisible = 0;
			defaultConfigurationName = Release;
		};
		F06E8F022E33520F004256EE /* Build configuration list for PBXNativeTarget "Preppi AIUITests" */ = {
			isa = XCConfigurationList;
			buildConfigurations = (
				F06E8F032E33520F004256EE /* Debug */,
				F06E8F042E33520F004256EE /* Release */,
			);
			defaultConfigurationIsVisible = 0;
			defaultConfigurationName = Release;
		};
/* End XCConfigurationList section */

/* Begin XCRemoteSwiftPackageReference section */
		F03CA16E2E39A31B002E41C9 /* XCRemoteSwiftPackageReference "supabase-swift" */ = {
			isa = XCRemoteSwiftPackageReference;
			repositoryURL = "https://github.com/supabase-community/supabase-swift.git";
			requirement = {
				kind = upToNextMajorVersion;
				minimumVersion = 2.30.2;
			};
		};
		F03CA17B2E39A48E002E41C9 /* XCRemoteSwiftPackageReference "GoogleSignIn-iOS" */ = {
			isa = XCRemoteSwiftPackageReference;
			repositoryURL = "https://github.com/google/GoogleSignIn-iOS";
			requirement = {
				kind = upToNextMajorVersion;
				minimumVersion = 9.0.0;
			};
		};
		F0F0E6BE2E3710500035BB38 /* XCRemoteSwiftPackageReference "purchases-ios-spm" */ = {
			isa = XCRemoteSwiftPackageReference;
			repositoryURL = "https://github.com/RevenueCat/purchases-ios-spm.git";
			requirement = {
				kind = upToNextMajorVersion;
				minimumVersion = 5.0.0;
			};
		};
/* End XCRemoteSwiftPackageReference section */

/* Begin XCSwiftPackageProductDependency section */
		F03CA16F2E39A31B002E41C9 /* Auth */ = {
			isa = XCSwiftPackageProductDependency;
			package = F03CA16E2E39A31B002E41C9 /* XCRemoteSwiftPackageReference "supabase-swift" */;
			productName = Auth;
		};
		F03CA1712E39A31B002E41C9 /* Functions */ = {
			isa = XCSwiftPackageProductDependency;
			package = F03CA16E2E39A31B002E41C9 /* XCRemoteSwiftPackageReference "supabase-swift" */;
			productName = Functions;
		};
		F03CA1732E39A31B002E41C9 /* PostgREST */ = {
			isa = XCSwiftPackageProductDependency;
			package = F03CA16E2E39A31B002E41C9 /* XCRemoteSwiftPackageReference "supabase-swift" */;
			productName = PostgREST;
		};
		F03CA1752E39A31B002E41C9 /* Realtime */ = {
			isa = XCSwiftPackageProductDependency;
			package = F03CA16E2E39A31B002E41C9 /* XCRemoteSwiftPackageReference "supabase-swift" */;
			productName = Realtime;
		};
		F03CA1772E39A31B002E41C9 /* Storage */ = {
			isa = XCSwiftPackageProductDependency;
			package = F03CA16E2E39A31B002E41C9 /* XCRemoteSwiftPackageReference "supabase-swift" */;
			productName = Storage;
		};
		F03CA17C2E39A48E002E41C9 /* GoogleSignIn */ = {
			isa = XCSwiftPackageProductDependency;
			package = F03CA17B2E39A48E002E41C9 /* XCRemoteSwiftPackageReference "GoogleSignIn-iOS" */;
			productName = GoogleSignIn;
		};
		F03CA17E2E39A48E002E41C9 /* GoogleSignInSwift */ = {
			isa = XCSwiftPackageProductDependency;
			package = F03CA17B2E39A48E002E41C9 /* XCRemoteSwiftPackageReference "GoogleSignIn-iOS" */;
			productName = GoogleSignInSwift;
		};
		F0618F5E2E3E536500FBEB00 /* Supabase */ = {
			isa = XCSwiftPackageProductDependency;
			package = F03CA16E2E39A31B002E41C9 /* XCRemoteSwiftPackageReference "supabase-swift" */;
			productName = Supabase;
		};
		F0F0E6BF2E3710510035BB38 /* RevenueCat */ = {
			isa = XCSwiftPackageProductDependency;
			package = F0F0E6BE2E3710500035BB38 /* XCRemoteSwiftPackageReference "purchases-ios-spm" */;
			productName = RevenueCat;
		};
		F0F0E6C12E3710510035BB38 /* RevenueCatUI */ = {
			isa = XCSwiftPackageProductDependency;
			package = F0F0E6BE2E3710500035BB38 /* XCRemoteSwiftPackageReference "purchases-ios-spm" */;
			productName = RevenueCatUI;
		};
/* End XCSwiftPackageProductDependency section */
	};
	rootObject = F06E8ED02E33520D004256EE /* Project object */;
}
